
Microsoft Visual Studio Solution File, Format Version 12.00
# Visual Studio 2012
Project("{E24C65DC-7377-472B-9ABA-BC803B73C61A}") = "WebSite1(1)", "http://localhost:25466", "{B4B8F000-5EC3-4F18-863A-F832B2374536}"
	ProjectSection(WebsiteProperties) = preProject
		UseIISExpress = "true"
		TargetFrameworkMoniker = ".NETFramework,Version%3Dv4.5"
		ProjectReferences = "{258cd16f-4b8d-43bf-8d0d-835df95b791a}|Library1.dll;"
		Debug.AspNetCompiler.VirtualPath = "/localhost_25466"
		Debug.AspNetCompiler.PhysicalPath = "..\..\WebSites\WebSite1\"
		Debug.AspNetCompiler.TargetPath = "PrecompiledWeb\localhost_25466\"
		Debug.AspNetCompiler.Updateable = "true"
		Debug.AspNetCompiler.ForceOverwrite = "true"
		Debug.AspNetCompiler.FixedNames = "false"
		Debug.AspNetCompiler.Debug = "True"
		Release.AspNetCompiler.VirtualPath = "/localhost_25466"
		Release.AspNetCompiler.PhysicalPath = "..\..\WebSites\WebSite1\"
		Release.AspNetCompiler.TargetPath = "PrecompiledWeb\localhost_25466\"
		Release.AspNetCompiler.Updateable = "true"
		Release.AspNetCompiler.ForceOverwrite = "true"
		Release.AspNetCompiler.FixedNames = "false"
		Release.AspNetCompiler.Debug = "False"
		SlnRelativePath = "..\..\WebSites\WebSite1\"
		DefaultWebSiteLanguage = "Visual C#"
	EndProjectSection
EndProject
Project("{F2A71F9B-5D33-465A-A702-920D77279786}") = "Library1", "Library1\Library1.fsproj", "{258CD16F-4B8D-43BF-8D0D-835DF95B791A}"
EndProject
Global
	GlobalSection(SolutionConfigurationPlatforms) = preSolution
		Debug|Any CPU = Debug|Any CPU
		Release|Any CPU = Release|Any CPU
	EndGlobalSection
	GlobalSection(ProjectConfigurationPlatforms) = postSolution
		{B4B8F000-5EC3-4F18-863A-F832B2374536}.Debug|Any CPU.ActiveCfg = Debug|Any CPU
		{B4B8F000-5EC3-4F18-863A-F832B2374536}.Debug|Any CPU.Build.0 = Debug|Any CPU
		{B4B8F000-5EC3-4F18-863A-F832B2374536}.Release|Any CPU.ActiveCfg = Debug|Any CPU
		{B4B8F000-5EC3-4F18-863A-F832B2374536}.Release|Any CPU.Build.0 = Debug|Any CPU
		{258CD16F-4B8D-43BF-8D0D-835DF95B791A}.Debug|Any CPU.ActiveCfg = Debug|Any CPU
		{258CD16F-4B8D-43BF-8D0D-835DF95B791A}.Debug|Any CPU.Build.0 = Debug|Any CPU
		{258CD16F-4B8D-43BF-8D0D-835DF95B791A}.Release|Any CPU.ActiveCfg = Release|Any CPU
		{258CD16F-4B8D-43BF-8D0D-835DF95B791A}.Release|Any CPU.Build.0 = Release|Any CPU
	EndGlobalSection
	GlobalSection(SolutionProperties) = preSolution
		HideSolutionNode = FALSE
	EndGlobalSection
EndGlobal
